
Microsoft Visual Studio Solution File, Format Version 12.00
# Visual Studio 14
VisualStudioVersion = 14.0.25420.1
MinimumVisualStudioVersion = 10.0.40219.1
Project("{FAE04EC0-301F-11D3-BF4B-00C04F79EFBC}") = "HRM.DAL", "HRM.DAL\HRM.DAL.csproj", "{EC0864E9-B271-4484-BD1D-F156B14B5155}"
EndProject
Project("{FAE04EC0-301F-11D3-BF4B-00C04F79EFBC}") = "HRM.UI", "HRM.UI\HRM.UI\HRM.UI.csproj", "{38998D46-440C-4FB2-A5E2-76508674114F}"
EndProject
Project("{FAE04EC0-301F-11D3-BF4B-00C04F79EFBC}") = "HRM.BLL", "HRM.BLL\HRM.BLL.csproj", "{4D4CA19B-AD53-4CC1-967F-ACFCFCF13177}"
EndProject
Project("{FAE04EC0-301F-11D3-BF4B-00C04F79EFBC}") = "PM.UI", "PM.UI\PM.UI.csproj", "{E16225B9-C376-4775-97AB-FA71434BFCF4}"
EndProject
Global
	GlobalSection(SolutionConfigurationPlatforms) = preSolution
		Debug|Any CPU = Debug|Any CPU
		Debug|Mixed Platforms = Debug|Mixed Platforms
		Debug|x86 = Debug|x86
		Release|Any CPU = Release|Any CPU
		Release|Mixed Platforms = Release|Mixed Platforms
		Release|x86 = Release|x86
	EndGlobalSection
	GlobalSection(ProjectConfigurationPlatforms) = postSolution
		{EC0864E9-B271-4484-BD1D-F156B14B5155}.Debug|Any CPU.ActiveCfg = Debug|Any CPU
		{EC0864E9-B271-4484-BD1D-F156B14B5155}.Debug|Any CPU.Build.0 = Debug|Any CPU
		{EC0864E9-B271-4484-BD1D-F156B14B5155}.Debug|Mixed Platforms.ActiveCfg = Debug|Any CPU
		{EC0864E9-B271-4484-BD1D-F156B14B5155}.Debug|Mixed Platforms.Build.0 = Debug|Any CPU
		{EC0864E9-B271-4484-BD1D-F156B14B5155}.Debug|x86.ActiveCfg = Debug|Any CPU
		{EC0864E9-B271-4484-BD1D-F156B14B5155}.Release|Any CPU.ActiveCfg = Release|Any CPU
		{EC0864E9-B271-4484-BD1D-F156B14B5155}.Release|Any CPU.Build.0 = Release|Any CPU
		{EC0864E9-B271-4484-BD1D-F156B14B5155}.Release|Mixed Platforms.ActiveCfg = Release|Any CPU
		{EC0864E9-B271-4484-BD1D-F156B14B5155}.Release|Mixed Platforms.Build.0 = Release|Any CPU
		{EC0864E9-B271-4484-BD1D-F156B14B5155}.Release|x86.ActiveCfg = Release|Any CPU
		{38998D46-440C-4FB2-A5E2-76508674114F}.Debug|Any CPU.ActiveCfg = Debug|Any CPU
		{38998D46-440C-4FB2-A5E2-76508674114F}.Debug|Any CPU.Build.0 = Debug|Any CPU
		{38998D46-440C-4FB2-A5E2-76508674114F}.Debug|Mixed Platforms.ActiveCfg = Debug|Any CPU
		{38998D46-440C-4FB2-A5E2-76508674114F}.Debug|Mixed Platforms.Build.0 = Debug|Any CPU
		{38998D46-440C-4FB2-A5E2-76508674114F}.Debug|x86.ActiveCfg = Debug|Any CPU
		{38998D46-440C-4FB2-A5E2-76508674114F}.Release|Any CPU.ActiveCfg = Release|Any CPU
		{38998D46-440C-4FB2-A5E2-76508674114F}.Release|Any CPU.Build.0 = Release|Any CPU
		{38998D46-440C-4FB2-A5E2-76508674114F}.Release|Mixed Platforms.ActiveCfg = Release|Any CPU
		{38998D46-440C-4FB2-A5E2-76508674114F}.Release|Mixed Platforms.Build.0 = Release|Any CPU
		{38998D46-440C-4FB2-A5E2-76508674114F}.Release|x86.ActiveCfg = Release|Any CPU
		{4D4CA19B-AD53-4CC1-967F-ACFCFCF13177}.Debug|Any CPU.ActiveCfg = Debug|Any CPU
		{4D4CA19B-AD53-4CC1-967F-ACFCFCF13177}.Debug|Any CPU.Build.0 = Debug|Any CPU
		{4D4CA19B-AD53-4CC1-967F-ACFCFCF13177}.Debug|Mixed Platforms.ActiveCfg = Debug|Any CPU
		{4D4CA19B-AD53-4CC1-967F-ACFCFCF13177}.Debug|Mixed Platforms.Build.0 = Debug|Any CPU
		{4D4CA19B-AD53-4CC1-967F-ACFCFCF13177}.Debug|x86.ActiveCfg = Debug|Any CPU
		{4D4CA19B-AD53-4CC1-967F-ACFCFCF13177}.Release|Any CPU.ActiveCfg = Release|Any CPU
		{4D4CA19B-AD53-4CC1-967F-ACFCFCF13177}.Release|Any CPU.Build.0 = Release|Any CPU
		{4D4CA19B-AD53-4CC1-967F-ACFCFCF13177}.Release|Mixed Platforms.ActiveCfg = Release|Any CPU
		{4D4CA19B-AD53-4CC1-967F-ACFCFCF13177}.Release|Mixed Platforms.Build.0 = Release|Any CPU
		{4D4CA19B-AD53-4CC1-967F-ACFCFCF13177}.Release|x86.ActiveCfg = Release|Any CPU
		{E16225B9-C376-4775-97AB-FA71434BFCF4}.Debug|Any CPU.ActiveCfg = Debug|x86
		{E16225B9-C376-4775-97AB-FA71434BFCF4}.Debug|Any CPU.Build.0 = Debug|x86
		{E16225B9-C376-4775-97AB-FA71434BFCF4}.Debug|Mixed Platforms.ActiveCfg = Debug|x86
		{E16225B9-C376-4775-97AB-FA71434BFCF4}.Debug|Mixed Platforms.Build.0 = Debug|x86
		{E16225B9-C376-4775-97AB-FA71434BFCF4}.Debug|x86.ActiveCfg = Debug|x86
		{E16225B9-C376-4775-97AB-FA71434BFCF4}.Debug|x86.Build.0 = Debug|x86
		{E16225B9-C376-4775-97AB-FA71434BFCF4}.Release|Any CPU.ActiveCfg = Release|x86
		{E16225B9-C376-4775-97AB-FA71434BFCF4}.Release|Mixed Platforms.ActiveCfg = Release|x86
		{E16225B9-C376-4775-97AB-FA71434BFCF4}.Release|Mixed Platforms.Build.0 = Release|x86
		{E16225B9-C376-4775-97AB-FA71434BFCF4}.Release|x86.ActiveCfg = Release|x86
		{E16225B9-C376-4775-97AB-FA71434BFCF4}.Release|x86.Build.0 = Release|x86
	EndGlobalSection
	GlobalSection(SolutionProperties) = preSolution
		HideSolutionNode = FALSE
	EndGlobalSection
EndGlobal
